// !$*UTF8*$!
{
	archiveVersion = 1;
	classes = {
	};
	objectVersion = 77;
	objects = {

/* Begin PBXContainerItemProxy section */
		C1A18E9C2D80E7C20010C721 /* PBXContainerItemProxy */ = {
			isa = PBXContainerItemProxy;
			containerPortal = C1A18E832D80E7BF0010C721 /* Project object */;
			proxyType = 1;
			remoteGlobalIDString = C1A18E8A2D80E7BF0010C721;
			remoteInfo = AI_Tracking;
		};
		C1A18EA62D80E7C20010C721 /* PBXContainerItemProxy */ = {
			isa = PBXContainerItemProxy;
			containerPortal = C1A18E832D80E7BF0010C721 /* Project object */;
			proxyType = 1;
			remoteGlobalIDString = C1A18E8A2D80E7BF0010C721;
			remoteInfo = AI_Tracking;
		};
/* End PBXContainerItemProxy section */

/* Begin PBXFileReference section */
		C1A18E8B2D80E7BF0010C721 /* AI_Tracking.app */ = {isa = PBXFileReference; explicitFileType = wrapper.application; includeInIndex = 0; path = AI_Tracking.app; sourceTree = BUILT_PRODUCTS_DIR; };
		C1A18E9B2D80E7C20010C721 /* AI_TrackingTests.xctest */ = {isa = PBXFileReference; explicitFileType = wrapper.cfbundle; includeInIndex = 0; path = AI_TrackingTests.xctest; sourceTree = BUILT_PRODUCTS_DIR; };
		C1A18EA52D80E7C20010C721 /* AI_TrackingUITests.xctest */ = {isa = PBXFileReference; explicitFileType = wrapper.cfbundle; includeInIndex = 0; path = AI_TrackingUITests.xctest; sourceTree = BUILT_PRODUCTS_DIR; };
/* End PBXFileReference section */

/* Begin PBXFileSystemSynchronizedRootGroup section */
		C1A18E8D2D80E7BF0010C721 /* AI_Tracking */ = {
			isa = PBXFileSystemSynchronizedRootGroup;
			path = AI_Tracking;
			sourceTree = "<group>";
		};
		C1A18E9E2D80E7C20010C721 /* AI_TrackingTests */ = {
			isa = PBXFileSystemSynchronizedRootGroup;
			path = AI_TrackingTests;
			sourceTree = "<group>";
		};
		C1A18EA82D80E7C20010C721 /* AI_TrackingUITests */ = {
			isa = PBXFileSystemSynchronizedRootGroup;
			path = AI_TrackingUITests;
			sourceTree = "<group>";
		};
/* End PBXFileSystemSynchronizedRootGroup section */

/* Begin PBXFrameworksBuildPhase section */
		C1A18E882D80E7BF0010C721 /* Frameworks */ = {
			isa = PBXFrameworksBuildPhase;
			buildActionMask = 2147483647;
			files = (
			);
			runOnlyForDeploymentPostprocessing = 0;
		};
		C1A18E982D80E7C20010C721 /* Frameworks */ = {
			isa = PBXFrameworksBuildPhase;
			buildActionMask = 2147483647;
			files = (
			);
			runOnlyForDeploymentPostprocessing = 0;
		};
		C1A18EA22D80E7C20010C721 /* Frameworks */ = {
			isa = PBXFrameworksBuildPhase;
			buildActionMask = 2147483647;
			files = (
			);
			runOnlyForDeploymentPostprocessing = 0;
		};
/* End PBXFrameworksBuildPhase section */

/* Begin PBXGroup section */
		C1A18E822D80E7BF0010C721 = {
			isa = PBXGroup;
			children = (
				C1A18E8D2D80E7BF0010C721 /* AI_Tracking */,
				C1A18E9E2D80E7C20010C721 /* AI_TrackingTests */,
				C1A18EA82D80E7C20010C721 /* AI_TrackingUITests */,
				C1A18E8C2D80E7BF0010C721 /* Products */,
			);
			sourceTree = "<group>";
		};
		C1A18E8C2D80E7BF0010C721 /* Products */ = {
			isa = PBXGroup;
			children = (
				C1A18E8B2D80E7BF0010C721 /* AI_Tracking.app */,
				C1A18E9B2D80E7C20010C721 /* AI_TrackingTests.xctest */,
				C1A18EA52D80E7C20010C721 /* AI_TrackingUITests.xctest */,
			);
			name = Products;
			sourceTree = "<group>";
		};
/* End PBXGroup section */

/* Begin PBXNativeTarget section */
		C1A18E8A2D80E7BF0010C721 /* AI_Tracking */ = {
			isa = PBXNativeTarget;
			buildConfigurationList = C1A18EAF2D80E7C20010C721 /* Build configuration list for PBXNativeTarget "AI_Tracking" */;
			buildPhases = (
				C1A18E872D80E7BF0010C721 /* Sources */,
				C1A18E882D80E7BF0010C721 /* Frameworks */,
				C1A18E892D80E7BF0010C721 /* Resources */,
			);
			buildRules = (
			);
			dependencies = (
			);
			fileSystemSynchronizedGroups = (
				C1A18E8D2D80E7BF0010C721 /* AI_Tracking */,
			);
			name = AI_Tracking;
			packageProductDependencies = (
			);
			productName = AI_Tracking;
			productReference = C1A18E8B2D80E7BF0010C721 /* AI_Tracking.app */;
			productType = "com.apple.product-type.application";
		};
		C1A18E9A2D80E7C20010C721 /* AI_TrackingTests */ = {
			isa = PBXNativeTarget;
			buildConfigurationList = C1A18EB22D80E7C20010C721 /* Build configuration list for PBXNativeTarget "AI_TrackingTests" */;
			buildPhases = (
				C1A18E972D80E7C20010C721 /* Sources */,
				C1A18E982D80E7C20010C721 /* Frameworks */,
				C1A18E992D80E7C20010C721 /* Resources */,
			);
			buildRules = (
			);
			dependencies = (
				C1A18E9D2D80E7C20010C721 /* PBXTargetDependency */,
			);
			fileSystemSynchronizedGroups = (
				C1A18E9E2D80E7C20010C721 /* AI_TrackingTests */,
			);
			name = AI_TrackingTests;
			packageProductDependencies = (
			);
			productName = AI_TrackingTests;
			productReference = C1A18E9B2D80E7C20010C721 /* AI_TrackingTests.xctest */;
			productType = "com.apple.product-type.bundle.unit-test";
		};
		C1A18EA42D80E7C20010C721 /* AI_TrackingUITests */ = {
			isa = PBXNativeTarget;
			buildConfigurationList = C1A18EB52D80E7C20010C721 /* Build configuration list for PBXNativeTarget "AI_TrackingUITests" */;
			buildPhases = (
				C1A18EA12D80E7C20010C721 /* Sources */,
				C1A18EA22D80E7C20010C721 /* Frameworks */,
				C1A18EA32D80E7C20010C721 /* Resources */,
			);
			buildRules = (
			);
			dependencies = (
				C1A18EA72D80E7C20010C721 /* PBXTargetDependency */,
			);
			fileSystemSynchronizedGroups = (
				C1A18EA82D80E7C20010C721 /* AI_TrackingUITests */,
			);
			name = AI_TrackingUITests;
			packageProductDependencies = (
			);
			productName = AI_TrackingUITests;
			productReference = C1A18EA52D80E7C20010C721 /* AI_TrackingUITests.xctest */;
			productType = "com.apple.product-type.bundle.ui-testing";
		};
/* End PBXNativeTarget section */

/* Begin PBXProject section */
		C1A18E832D80E7BF0010C721 /* Project object */ = {
			isa = PBXProject;
			attributes = {
				BuildIndependentTargetsInParallel = 1;
				LastSwiftUpdateCheck = 1620;
				LastUpgradeCheck = 1620;
				TargetAttributes = {
					C1A18E8A2D80E7BF0010C721 = {
						CreatedOnToolsVersion = 16.2;
					};
					C1A18E9A2D80E7C20010C721 = {
						CreatedOnToolsVersion = 16.2;
						TestTargetID = C1A18E8A2D80E7BF0010C721;
					};
					C1A18EA42D80E7C20010C721 = {
						CreatedOnToolsVersion = 16.2;
						TestTargetID = C1A18E8A2D80E7BF0010C721;
					};
				};
			};
			buildConfigurationList = C1A18E862D80E7BF0010C721 /* Build configuration list for PBXProject "AI_Tracking" */;
			developmentRegion = en;
			hasScannedForEncodings = 0;
			knownRegions = (
				en,
				Base,
			);
			mainGroup = C1A18E822D80E7BF0010C721;
			minimizedProjectReferenceProxies = 1;
			preferredProjectObjectVersion = 77;
			productRefGroup = C1A18E8C2D80E7BF0010C721 /* Products */;
			projectDirPath = "";
			projectRoot = "";
			targets = (
				C1A18E8A2D80E7BF0010C721 /* AI_Tracking */,
				C1A18E9A2D80E7C20010C721 /* AI_TrackingTests */,
				C1A18EA42D80E7C20010C721 /* AI_TrackingUITests */,
			);
		};
/* End PBXProject section */

/* Begin PBXResourcesBuildPhase section */
		C1A18E892D80E7BF0010C721 /* Resources */ = {
			isa = PBXResourcesBuildPhase;
			buildActionMask = 2147483647;
			files = (
			);
			runOnlyForDeploymentPostprocessing = 0;
		};
		C1A18E992D80E7C20010C721 /* Resources */ = {
			isa = PBXResourcesBuildPhase;
			buildActionMask = 2147483647;
			files = (
			);
			runOnlyForDeploymentPostprocessing = 0;
		};
		C1A18EA32D80E7C20010C721 /* Resources */ = {
			isa = PBXResourcesBuildPhase;
			buildActionMask = 2147483647;
			files = (
			);
			runOnlyForDeploymentPostprocessing = 0;
		};
/* End PBXResourcesBuildPhase section */

/* Begin PBXSourcesBuildPhase section */
		C1A18E872D80E7BF0010C721 /* Sources */ = {
			isa = PBXSourcesBuildPhase;
			buildActionMask = 2147483647;
			files = (
			);
			runOnlyForDeploymentPostprocessing = 0;
		};
		C1A18E972D80E7C20010C721 /* Sources */ = {
			isa = PBXSourcesBuildPhase;
			buildActionMask = 2147483647;
			files = (
			);
			runOnlyForDeploymentPostprocessing = 0;
		};
		C1A18EA12D80E7C20010C721 /* Sources */ = {
			isa = PBXSourcesBuildPhase;
			buildActionMask = 2147483647;
			files = (
			);
			runOnlyForDeploymentPostprocessing = 0;
		};
/* End PBXSourcesBuildPhase section */

/* Begin PBXTargetDependency section */
		C1A18E9D2D80E7C20010C721 /* PBXTargetDependency */ = {
			isa = PBXTargetDependency;
			target = C1A18E8A2D80E7BF0010C721 /* AI_Tracking */;
			targetProxy = C1A18E9C2D80E7C20010C721 /* PBXContainerItemProxy */;
		};
		C1A18EA72D80E7C20010C721 /* PBXTargetDependency */ = {
			isa = PBXTargetDependency;
			target = C1A18E8A2D80E7BF0010C721 /* AI_Tracking */;
			targetProxy = C1A18EA62D80E7C20010C721 /* PBXContainerItemProxy */;
		};
/* End PBXTargetDependency section */

/* Begin XCBuildConfiguration section */
		C1A18EAD2D80E7C20010C721 /* Debug */ = {
			isa = XCBuildConfiguration;
			buildSettings = {
				ALWAYS_SEARCH_USER_PATHS = NO;
				ASSETCATALOG_COMPILER_GENERATE_SWIFT_ASSET_SYMBOL_EXTENSIONS = YES;
				CLANG_ANALYZER_NONNULL = YES;
				CLANG_ANALYZER_NUMBER_OBJECT_CONVERSION = YES_AGGRESSIVE;
				CLANG_CXX_LANGUAGE_STANDARD = "gnu++20";
				CLANG_ENABLE_MODULES = YES;
				CLANG_ENABLE_OBJC_ARC = YES;
				CLANG_ENABLE_OBJC_WEAK = YES;
				CLANG_WARN_BLOCK_CAPTURE_AUTORELEASING = YES;
				CLANG_WARN_BOOL_CONVERSION = YES;
				CLANG_WARN_COMMA = YES;
				CLANG_WARN_CONSTANT_CONVERSION = YES;
				CLANG_WARN_DEPRECATED_OBJC_IMPLEMENTATIONS = YES;
				CLANG_WARN_DIRECT_OBJC_ISA_USAGE = YES_ERROR;
				CLANG_WARN_DOCUMENTATION_COMMENTS = YES;
				CLANG_WARN_EMPTY_BODY = YES;
				CLANG_WARN_ENUM_CONVERSION = YES;
				CLANG_WARN_INFINITE_RECURSION = YES;
				CLANG_WARN_INT_CONVERSION = YES;
				CLANG_WARN_NON_LITERAL_NULL_CONVERSION = YES;
				CLANG_WARN_OBJC_IMPLICIT_RETAIN_SELF = YES;
				CLANG_WARN_OBJC_LITERAL_CONVERSION = YES;
				CLANG_WARN_OBJC_ROOT_CLASS = YES_ERROR;
				CLANG_WARN_QUOTED_INCLUDE_IN_FRAMEWORK_HEADER = YES;
				CLANG_WARN_RANGE_LOOP_ANALYSIS = YES;
				CLANG_WARN_STRICT_PROTOTYPES = YES;
				CLANG_WARN_SUSPICIOUS_MOVE = YES;
				CLANG_WARN_UNGUARDED_AVAILABILITY = YES_AGGRESSIVE;
				CLANG_WARN_UNREACHABLE_CODE = YES;
				CLANG_WARN__DUPLICATE_METHOD_MATCH = YES;
				COPY_PHASE_STRIP = NO;
				DEBUG_INFORMATION_FORMAT = dwarf;
				ENABLE_STRICT_OBJC_MSGSEND = YES;
				ENABLE_TESTABILITY = YES;
				ENABLE_USER_SCRIPT_SANDBOXING = YES;
				GCC_C_LANGUAGE_STANDARD = gnu17;
				GCC_DYNAMIC_NO_PIC = NO;
				GCC_NO_COMMON_BLOCKS = YES;
				GCC_OPTIMIZATION_LEVEL = 0;
				GCC_PREPROCESSOR_DEFINITIONS = (
					"DEBUG=1",
					"$(inherited)",
				);
				GCC_WARN_64_TO_32_BIT_CONVERSION = YES;
				GCC_WARN_ABOUT_RETURN_TYPE = YES_ERROR;
				GCC_WARN_UNDECLARED_SELECTOR = YES;
				GCC_WARN_UNINITIALIZED_AUTOS = YES_AGGRESSIVE;
				GCC_WARN_UNUSED_FUNCTION = YES;
				GCC_WARN_UNUSED_VARIABLE = YES;
				IPHONEOS_DEPLOYMENT_TARGET = 18.2;
				LOCALIZATION_PREFERS_STRING_CATALOGS = YES;
				MTL_ENABLE_DEBUG_INFO = INCLUDE_SOURCE;
				MTL_FAST_MATH = YES;
				ONLY_ACTIVE_ARCH = YES;
				SDKROOT = iphoneos;
				SWIFT_ACTIVE_COMPILATION_CONDITIONS = "DEBUG $(inherited)";
				SWIFT_OPTIMIZATION_LEVEL = "-Onone";
			};
			name = Debug;
		};
		C1A18EAE2D80E7C20010C721 /* Release */ = {
			isa = XCBuildConfiguration;
			buildSettings = {
				ALWAYS_SEARCH_USER_PATHS = NO;
				ASSETCATALOG_COMPILER_GENERATE_SWIFT_ASSET_SYMBOL_EXTENSIONS = YES;
				CLANG_ANALYZER_NONNULL = YES;
				CLANG_ANALYZER_NUMBER_OBJECT_CONVERSION = YES_AGGRESSIVE;
				CLANG_CXX_LANGUAGE_STANDARD = "gnu++20";
				CLANG_ENABLE_MODULES = YES;
				CLANG_ENABLE_OBJC_ARC = YES;
				CLANG_ENABLE_OBJC_WEAK = YES;
				CLANG_WARN_BLOCK_CAPTURE_AUTORELEASING = YES;
				CLANG_WARN_BOOL_CONVERSION = YES;
				CLANG_WARN_COMMA = YES;
				CLANG_WARN_CONSTANT_CONVERSION = YES;
				CLANG_WARN_DEPRECATED_OBJC_IMPLEMENTATIONS = YES;
				CLANG_WARN_DIRECT_OBJC_ISA_USAGE = YES_ERROR;
				CLANG_WARN_DOCUMENTATION_COMMENTS = YES;
				CLANG_WARN_EMPTY_BODY = YES;
				CLANG_WARN_ENUM_CONVERSION = YES;
				CLANG_WARN_INFINITE_RECURSION = YES;
				CLANG_WARN_INT_CONVERSION = YES;
				CLANG_WARN_NON_LITERAL_NULL_CONVERSION = YES;
				CLANG_WARN_OBJC_IMPLICIT_RETAIN_SELF = YES;
				CLANG_WARN_OBJC_LITERAL_CONVERSION = YES;
				CLANG_WARN_OBJC_ROOT_CLASS = YES_ERROR;
				CLANG_WARN_QUOTED_INCLUDE_IN_FRAMEWORK_HEADER = YES;
				CLANG_WARN_RANGE_LOOP_ANALYSIS = YES;
				CLANG_WARN_STRICT_PROTOTYPES = YES;
				CLANG_WARN_SUSPICIOUS_MOVE = YES;
				CLANG_WARN_UNGUARDED_AVAILABILITY = YES_AGGRESSIVE;
				CLANG_WARN_UNREACHABLE_CODE = YES;
				CLANG_WARN__DUPLICATE_METHOD_MATCH = YES;
				COPY_PHASE_STRIP = NO;
				DEBUG_INFORMATION_FORMAT = "dwarf-with-dsym";
				ENABLE_NS_ASSERTIONS = NO;
				ENABLE_STRICT_OBJC_MSGSEND = YES;
				ENABLE_USER_SCRIPT_SANDBOXING = YES;
				GCC_C_LANGUAGE_STANDARD = gnu17;
				GCC_NO_COMMON_BLOCKS = YES;
				GCC_WARN_64_TO_32_BIT_CONVERSION = YES;
				GCC_WARN_ABOUT_RETURN_TYPE = YES_ERROR;
				GCC_WARN_UNDECLARED_SELECTOR = YES;
				GCC_WARN_UNINITIALIZED_AUTOS = YES_AGGRESSIVE;
				GCC_WARN_UNUSED_FUNCTION = YES;
				GCC_WARN_UNUSED_VARIABLE = YES;
				IPHONEOS_DEPLOYMENT_TARGET = 18.2;
				LOCALIZATION_PREFERS_STRING_CATALOGS = YES;
				MTL_ENABLE_DEBUG_INFO = NO;
				MTL_FAST_MATH = YES;
				SDKROOT = iphoneos;
				SWIFT_COMPILATION_MODE = wholemodule;
				VALIDATE_PRODUCT = YES;
			};
			name = Release;
		};
		C1A18EB02D80E7C20010C721 /* Debug */ = {
			isa = XCBuildConfiguration;
			buildSettings = {
				ASSETCATALOG_COMPILER_APPICON_NAME = AppIcon;
				ASSETCATALOG_COMPILER_GLOBAL_ACCENT_COLOR_NAME = AccentColor;
				CODE_SIGN_STYLE = Automatic;
				CURRENT_PROJECT_VERSION = 1;
				DEVELOPMENT_ASSET_PATHS = "\"AI_Tracking/Preview Content\"";
				DEVELOPMENT_TEAM = 75DUAXTZQ2;
				ENABLE_PREVIEWS = YES;
				GENERATE_INFOPLIST_FILE = YES;
				INFOPLIST_KEY_LSApplicationCategoryType = "";
				INFOPLIST_KEY_NSCameraUsageDescription = "";
				INFOPLIST_KEY_NSMicrophoneUsageDescription = "This app requires microphone access for AR features.";
				INFOPLIST_KEY_UIApplicationSceneManifest_Generation = YES;
				INFOPLIST_KEY_UIApplicationSupportsIndirectInputEvents = YES;
				INFOPLIST_KEY_UILaunchScreen_Generation = YES;
				INFOPLIST_KEY_UISupportedInterfaceOrientations_iPhone = "UIInterfaceOrientationPortrait UIInterfaceOrientationLandscapeLeft UIInterfaceOrientationLandscapeRight";
				LD_RUNPATH_SEARCH_PATHS = (
					"$(inherited)",
					"@executable_path/Frameworks",
				);
				MARKETING_VERSION = 1.0;
				PRODUCT_BUNDLE_IDENTIFIER = "Rayyan-Ashraf.AI-Tracking";
				PRODUCT_NAME = "$(TARGET_NAME)";
				SWIFT_EMIT_LOC_STRINGS = YES;
				SWIFT_VERSION = 5.0;
				TARGETED_DEVICE_FAMILY = "1,2";
			};
			name = Debug;
		};
		C1A18EB12D80E7C20010C721 /* Release */ = {
			isa = XCBuildConfiguration;
			buildSettings = {
				ASSETCATALOG_COMPILER_APPICON_NAME = AppIcon;
				ASSETCATALOG_COMPILER_GLOBAL_ACCENT_COLOR_NAME = AccentColor;
				CODE_SIGN_STYLE = Automatic;
				CURRENT_PROJECT_VERSION = 1;
				DEVELOPMENT_ASSET_PATHS = "\"AI_Tracking/Preview Content\"";
				DEVELOPMENT_TEAM = 75DUAXTZQ2;
				ENABLE_PREVIEWS = YES;
				GENERATE_INFOPLIST_FILE = YES;
				INFOPLIST_KEY_LSApplicationCategoryType = "";
				INFOPLIST_KEY_NSCameraUsageDescription = "";
				INFOPLIST_KEY_NSMicrophoneUsageDescription = "This app requires microphone access for AR features.";
				INFOPLIST_KEY_UIApplicationSceneManifest_Generation = YES;
				INFOPLIST_KEY_UIApplicationSupportsIndirectInputEvents = YES;
				INFOPLIST_KEY_UILaunchScreen_Generation = YES;
				INFOPLIST_KEY_UISupportedInterfaceOrientations_iPhone = "UIInterfaceOrientationPortrait UIInterfaceOrientationLandscapeLeft UIInterfaceOrientationLandscapeRight";
				LD_RUNPATH_SEARCH_PATHS = (
					"$(inherited)",
					"@executable_path/Frameworks",
				);
				MARKETING_VERSION = 1.0;
				PRODUCT_BUNDLE_IDENTIFIER = "Rayyan-Ashraf.AI-Tracking";
				PRODUCT_NAME = "$(TARGET_NAME)";
				SWIFT_EMIT_LOC_STRINGS = YES;
				SWIFT_VERSION = 5.0;
				TARGETED_DEVICE_FAMILY = "1,2";
			};
			name = Release;
		};
		C1A18EB32D80E7C20010C721 /* Debug */ = {
			isa = XCBuildConfiguration;
			buildSettings = {
				BUNDLE_LOADER = "$(TEST_HOST)";
				CODE_SIGN_STYLE = Automatic;
				CURRENT_PROJECT_VERSION = 1;
				GENERATE_INFOPLIST_FILE = YES;
				IPHONEOS_DEPLOYMENT_TARGET = 18.2;
				MARKETING_VERSION = 1.0;
				PRODUCT_BUNDLE_IDENTIFIER = "Rayyan-Ashraf.AI-TrackingTests";
				PRODUCT_NAME = "$(TARGET_NAME)";
				SWIFT_EMIT_LOC_STRINGS = NO;
				SWIFT_VERSION = 5.0;
				TARGETED_DEVICE_FAMILY = "1,2";
				TEST_HOST = "$(BUILT_PRODUCTS_DIR)/AI_Tracking.app/$(BUNDLE_EXECUTABLE_FOLDER_PATH)/AI_Tracking";
			};
			name = Debug;
		};
		C1A18EB42D80E7C20010C721 /* Release */ = {
			isa = XCBuildConfiguration;
			buildSettings = {
				BUNDLE_LOADER = "$(TEST_HOST)";
				CODE_SIGN_STYLE = Automatic;
				CURRENT_PROJECT_VERSION = 1;
				GENERATE_INFOPLIST_FILE = YES;
				IPHONEOS_DEPLOYMENT_TARGET = 18.2;
				MARKETING_VERSION = 1.0;
				PRODUCT_BUNDLE_IDENTIFIER = "Rayyan-Ashraf.AI-TrackingTests";
				PRODUCT_NAME = "$(TARGET_NAME)";
				SWIFT_EMIT_LOC_STRINGS = NO;
				SWIFT_VERSION = 5.0;
				TARGETED_DEVICE_FAMILY = "1,2";
				TEST_HOST = "$(BUILT_PRODUCTS_DIR)/AI_Tracking.app/$(BUNDLE_EXECUTABLE_FOLDER_PATH)/AI_Tracking";
			};
			name = Release;
		};
		C1A18EB62D80E7C20010C721 /* Debug */ = {
			isa = XCBuildConfiguration;
			buildSettings = {
				CODE_SIGN_STYLE = Automatic;
				CURRENT_PROJECT_VERSION = 1;
				GENERATE_INFOPLIST_FILE = YES;
				MARKETING_VERSION = 1.0;
				PRODUCT_BUNDLE_IDENTIFIER = "Rayyan-Ashraf.AI-TrackingUITests";
				PRODUCT_NAME = "$(TARGET_NAME)";
				SWIFT_EMIT_LOC_STRINGS = NO;
				SWIFT_VERSION = 5.0;
				TARGETED_DEVICE_FAMILY = "1,2";
				TEST_TARGET_NAME = AI_Tracking;
			};
			name = Debug;
		};
		C1A18EB72D80E7C20010C721 /* Release */ = {
			isa = XCBuildConfiguration;
			buildSettings = {
				CODE_SIGN_STYLE = Automatic;
				CURRENT_PROJECT_VERSION = 1;
				GENERATE_INFOPLIST_FILE = YES;
				MARKETING_VERSION = 1.0;
				PRODUCT_BUNDLE_IDENTIFIER = "Rayyan-Ashraf.AI-TrackingUITests";
				PRODUCT_NAME = "$(TARGET_NAME)";
				SWIFT_EMIT_LOC_STRINGS = NO;
				SWIFT_VERSION = 5.0;
				TARGETED_DEVICE_FAMILY = "1,2";
				TEST_TARGET_NAME = AI_Tracking;
			};
			name = Release;
		};
/* End XCBuildConfiguration section */

/* Begin XCConfigurationList section */
		C1A18E862D80E7BF0010C721 /* Build configuration list for PBXProject "AI_Tracking" */ = {
			isa = XCConfigurationList;
			buildConfigurations = (
				C1A18EAD2D80E7C20010C721 /* Debug */,
				C1A18EAE2D80E7C20010C721 /* Release */,
			);
			defaultConfigurationIsVisible = 0;
			defaultConfigurationName = Release;
		};
		C1A18EAF2D80E7C20010C721 /* Build configuration list for PBXNativeTarget "AI_Tracking" */ = {
			isa = XCConfigurationList;
			buildConfigurations = (
				C1A18EB02D80E7C20010C721 /* Debug */,
				C1A18EB12D80E7C20010C721 /* Release */,
			);
			defaultConfigurationIsVisible = 0;
			defaultConfigurationName = Release;
		};
		C1A18EB22D80E7C20010C721 /* Build configuration list for PBXNativeTarget "AI_TrackingTests" */ = {
			isa = XCConfigurationList;
			buildConfigurations = (
				C1A18EB32D80E7C20010C721 /* Debug */,
				C1A18EB42D80E7C20010C721 /* Release */,
			);
			defaultConfigurationIsVisible = 0;
			defaultConfigurationName = Release;
		};
		C1A18EB52D80E7C20010C721 /* Build configuration list for PBXNativeTarget "AI_TrackingUITests" */ = {
			isa = XCConfigurationList;
			buildConfigurations = (
				C1A18EB62D80E7C20010C721 /* Debug */,
				C1A18EB72D80E7C20010C721 /* Release */,
			);
			defaultConfigurationIsVisible = 0;
			defaultConfigurationName = Release;
		};
/* End XCConfigurationList section */
	};
	rootObject = C1A18E832D80E7BF0010C721 /* Project object */;
}
